{
  "name": "ruud",
  "version": "1.0.10",
  "lockfileVersion": 3,
  "requires": true,
  "packages": {
    "": {
      "name": "ruud",
      "version": "1.0.10",
      "license": "MIT",
      "bin": {
        "ruud": "src/bin.js"
      },
      "engines": {
        "node": ">= 13.2.0"
      }
    }
  }
}
